// !$*UTF8*$!
{
	archiveVersion = 1;
	classes = {
	};
	objectVersion = 51;
	objects = {

/* Begin PBXBuildFile section */
		01E63B1C1F60DA27E618723B /* Pods_FunMemory.framework in Frameworks */ = {isa = PBXBuildFile; fileRef = 05EAFC8FFB8EB9FE03163D67 /* Pods_FunMemory.framework */; };
		4E58A2C20D1F17F49DC06439 /* Pods_FunMemoryUITests.framework in Frameworks */ = {isa = PBXBuildFile; fileRef = C944712B78FE84DC421E7140 /* Pods_FunMemoryUITests.framework */; };
		7409E7FB22FB21B700FC1448 /* AppDelegate.swift in Sources */ = {isa = PBXBuildFile; fileRef = 7409E7FA22FB21B700FC1448 /* AppDelegate.swift */; };
		7409E80022FB21B700FC1448 /* Main.storyboard in Resources */ = {isa = PBXBuildFile; fileRef = 7409E7FE22FB21B700FC1448 /* Main.storyboard */; };
		7409E80222FB21B800FC1448 /* Assets.xcassets in Resources */ = {isa = PBXBuildFile; fileRef = 7409E80122FB21B800FC1448 /* Assets.xcassets */; };
		7409E80522FB21B800FC1448 /* LaunchScreen.storyboard in Resources */ = {isa = PBXBuildFile; fileRef = 7409E80322FB21B800FC1448 /* LaunchScreen.storyboard */; };
		7409E81022FB21B800FC1448 /* FunMemoryTests.swift in Sources */ = {isa = PBXBuildFile; fileRef = 7409E80F22FB21B800FC1448 /* FunMemoryTests.swift */; };
		7409E81B22FB21B800FC1448 /* FunMemoryUITests.swift in Sources */ = {isa = PBXBuildFile; fileRef = 7409E81A22FB21B800FC1448 /* FunMemoryUITests.swift */; };
		743F32C0230AD2B9006C7E0E /* GoogleService-Info.plist in Resources */ = {isa = PBXBuildFile; fileRef = 743F32BF230AD2B9006C7E0E /* GoogleService-Info.plist */; };
		743F32D4231562BA006C7E0E /* CardData.swift in Sources */ = {isa = PBXBuildFile; fileRef = 743F32C8231562BA006C7E0E /* CardData.swift */; };
		743F32D5231562BA006C7E0E /* UserData.swift in Sources */ = {isa = PBXBuildFile; fileRef = 743F32C9231562BA006C7E0E /* UserData.swift */; };
		743F32D6231562BA006C7E0E /* UserCardView.swift in Sources */ = {isa = PBXBuildFile; fileRef = 743F32CB231562BA006C7E0E /* UserCardView.swift */; };
		743F32D7231562BA006C7E0E /* UserCardView.xib in Resources */ = {isa = PBXBuildFile; fileRef = 743F32CC231562BA006C7E0E /* UserCardView.xib */; };
		743F32D8231562BA006C7E0E /* TableViewCell.swift in Sources */ = {isa = PBXBuildFile; fileRef = 743F32CD231562BA006C7E0E /* TableViewCell.swift */; };
		743F32D9231562BA006C7E0E /* TableViewCell.xib in Resources */ = {isa = PBXBuildFile; fileRef = 743F32CE231562BA006C7E0E /* TableViewCell.xib */; };
		743F32DA231562BA006C7E0E /* SettingViewController.swift in Sources */ = {isa = PBXBuildFile; fileRef = 743F32D0231562BA006C7E0E /* SettingViewController.swift */; };
		743F32DB231562BA006C7E0E /* TopViewController.swift in Sources */ = {isa = PBXBuildFile; fileRef = 743F32D1231562BA006C7E0E /* TopViewController.swift */; };
		743F32DC231562BA006C7E0E /* RoomListViewController.swift in Sources */ = {isa = PBXBuildFile; fileRef = 743F32D2231562BA006C7E0E /* RoomListViewController.swift */; };
		743F32DD231562BA006C7E0E /* PlayGameViewController.swift in Sources */ = {isa = PBXBuildFile; fileRef = 743F32D3231562BA006C7E0E /* PlayGameViewController.swift */; };
		92614983CC233A4314745366 /* Pods_FunMemoryTests.framework in Frameworks */ = {isa = PBXBuildFile; fileRef = 2A7A2A978CEBC70198C97365 /* Pods_FunMemoryTests.framework */; };
/* End PBXBuildFile section */

/* Begin PBXContainerItemProxy section */
		7409E80C22FB21B800FC1448 /* PBXContainerItemProxy */ = {
			isa = PBXContainerItemProxy;
			containerPortal = 7409E7EF22FB21B700FC1448 /* Project object */;
			proxyType = 1;
			remoteGlobalIDString = 7409E7F622FB21B700FC1448;
			remoteInfo = FunMemory;
		};
		7409E81722FB21B800FC1448 /* PBXContainerItemProxy */ = {
			isa = PBXContainerItemProxy;
			containerPortal = 7409E7EF22FB21B700FC1448 /* Project object */;
			proxyType = 1;
			remoteGlobalIDString = 7409E7F622FB21B700FC1448;
			remoteInfo = FunMemory;
		};
/* End PBXContainerItemProxy section */

/* Begin PBXFileReference section */
		05EAFC8FFB8EB9FE03163D67 /* Pods_FunMemory.framework */ = {isa = PBXFileReference; explicitFileType = wrapper.framework; includeInIndex = 0; path = Pods_FunMemory.framework; sourceTree = BUILT_PRODUCTS_DIR; };
		2A7A2A978CEBC70198C97365 /* Pods_FunMemoryTests.framework */ = {isa = PBXFileReference; explicitFileType = wrapper.framework; includeInIndex = 0; path = Pods_FunMemoryTests.framework; sourceTree = BUILT_PRODUCTS_DIR; };
		653E285CF6D89471A10F468B /* Pods-FunMemoryTests.release.xcconfig */ = {isa = PBXFileReference; includeInIndex = 1; lastKnownFileType = text.xcconfig; name = "Pods-FunMemoryTests.release.xcconfig"; path = "Target Support Files/Pods-FunMemoryTests/Pods-FunMemoryTests.release.xcconfig"; sourceTree = "<group>"; };
		7409E7F722FB21B700FC1448 /* FunMemory.app */ = {isa = PBXFileReference; explicitFileType = wrapper.application; includeInIndex = 0; path = FunMemory.app; sourceTree = BUILT_PRODUCTS_DIR; };
		7409E7FA22FB21B700FC1448 /* AppDelegate.swift */ = {isa = PBXFileReference; lastKnownFileType = sourcecode.swift; path = AppDelegate.swift; sourceTree = "<group>"; };
		7409E7FF22FB21B700FC1448 /* Base */ = {isa = PBXFileReference; lastKnownFileType = file.storyboard; name = Base; path = Base.lproj/Main.storyboard; sourceTree = "<group>"; };
		7409E80122FB21B800FC1448 /* Assets.xcassets */ = {isa = PBXFileReference; lastKnownFileType = folder.assetcatalog; path = Assets.xcassets; sourceTree = "<group>"; };
		7409E80422FB21B800FC1448 /* Base */ = {isa = PBXFileReference; lastKnownFileType = file.storyboard; name = Base; path = Base.lproj/LaunchScreen.storyboard; sourceTree = "<group>"; };
		7409E80622FB21B800FC1448 /* Info.plist */ = {isa = PBXFileReference; lastKnownFileType = text.plist.xml; path = Info.plist; sourceTree = "<group>"; };
		7409E80B22FB21B800FC1448 /* FunMemoryTests.xctest */ = {isa = PBXFileReference; explicitFileType = wrapper.cfbundle; includeInIndex = 0; path = FunMemoryTests.xctest; sourceTree = BUILT_PRODUCTS_DIR; };
		7409E80F22FB21B800FC1448 /* FunMemoryTests.swift */ = {isa = PBXFileReference; lastKnownFileType = sourcecode.swift; path = FunMemoryTests.swift; sourceTree = "<group>"; };
		7409E81122FB21B800FC1448 /* Info.plist */ = {isa = PBXFileReference; lastKnownFileType = text.plist.xml; path = Info.plist; sourceTree = "<group>"; };
		7409E81622FB21B800FC1448 /* FunMemoryUITests.xctest */ = {isa = PBXFileReference; explicitFileType = wrapper.cfbundle; includeInIndex = 0; path = FunMemoryUITests.xctest; sourceTree = BUILT_PRODUCTS_DIR; };
		7409E81A22FB21B800FC1448 /* FunMemoryUITests.swift */ = {isa = PBXFileReference; lastKnownFileType = sourcecode.swift; path = FunMemoryUITests.swift; sourceTree = "<group>"; };
		7409E81C22FB21B800FC1448 /* Info.plist */ = {isa = PBXFileReference; lastKnownFileType = text.plist.xml; path = Info.plist; sourceTree = "<group>"; };
		743F32BF230AD2B9006C7E0E /* GoogleService-Info.plist */ = {isa = PBXFileReference; fileEncoding = 4; lastKnownFileType = text.plist.xml; path = "GoogleService-Info.plist"; sourceTree = "<group>"; };
		743F32C8231562BA006C7E0E /* CardData.swift */ = {isa = PBXFileReference; fileEncoding = 4; lastKnownFileType = sourcecode.swift; path = CardData.swift; sourceTree = "<group>"; };
		743F32C9231562BA006C7E0E /* UserData.swift */ = {isa = PBXFileReference; fileEncoding = 4; lastKnownFileType = sourcecode.swift; path = UserData.swift; sourceTree = "<group>"; };
		743F32CB231562BA006C7E0E /* UserCardView.swift */ = {isa = PBXFileReference; fileEncoding = 4; lastKnownFileType = sourcecode.swift; path = UserCardView.swift; sourceTree = "<group>"; };
		743F32CC231562BA006C7E0E /* UserCardView.xib */ = {isa = PBXFileReference; fileEncoding = 4; lastKnownFileType = file.xib; path = UserCardView.xib; sourceTree = "<group>"; };
		743F32CD231562BA006C7E0E /* TableViewCell.swift */ = {isa = PBXFileReference; fileEncoding = 4; lastKnownFileType = sourcecode.swift; path = TableViewCell.swift; sourceTree = "<group>"; };
		743F32CE231562BA006C7E0E /* TableViewCell.xib */ = {isa = PBXFileReference; fileEncoding = 4; lastKnownFileType = file.xib; path = TableViewCell.xib; sourceTree = "<group>"; };
		743F32D0231562BA006C7E0E /* SettingViewController.swift */ = {isa = PBXFileReference; fileEncoding = 4; lastKnownFileType = sourcecode.swift; path = SettingViewController.swift; sourceTree = "<group>"; };
		743F32D1231562BA006C7E0E /* TopViewController.swift */ = {isa = PBXFileReference; fileEncoding = 4; lastKnownFileType = sourcecode.swift; path = TopViewController.swift; sourceTree = "<group>"; };
		743F32D2231562BA006C7E0E /* RoomListViewController.swift */ = {isa = PBXFileReference; fileEncoding = 4; lastKnownFileType = sourcecode.swift; path = RoomListViewController.swift; sourceTree = "<group>"; };
		743F32D3231562BA006C7E0E /* PlayGameViewController.swift */ = {isa = PBXFileReference; fileEncoding = 4; lastKnownFileType = sourcecode.swift; path = PlayGameViewController.swift; sourceTree = "<group>"; };
		84EC1BFAC9894038186D8AF3 /* Pods-FunMemory.debug.xcconfig */ = {isa = PBXFileReference; includeInIndex = 1; lastKnownFileType = text.xcconfig; name = "Pods-FunMemory.debug.xcconfig"; path = "Target Support Files/Pods-FunMemory/Pods-FunMemory.debug.xcconfig"; sourceTree = "<group>"; };
		C39B462A105516043B101204 /* Pods-FunMemoryUITests.debug.xcconfig */ = {isa = PBXFileReference; includeInIndex = 1; lastKnownFileType = text.xcconfig; name = "Pods-FunMemoryUITests.debug.xcconfig"; path = "Target Support Files/Pods-FunMemoryUITests/Pods-FunMemoryUITests.debug.xcconfig"; sourceTree = "<group>"; };
		C944712B78FE84DC421E7140 /* Pods_FunMemoryUITests.framework */ = {isa = PBXFileReference; explicitFileType = wrapper.framework; includeInIndex = 0; path = Pods_FunMemoryUITests.framework; sourceTree = BUILT_PRODUCTS_DIR; };
		CB11091F2BB5843B9D9B2661 /* Pods-FunMemory.release.xcconfig */ = {isa = PBXFileReference; includeInIndex = 1; lastKnownFileType = text.xcconfig; name = "Pods-FunMemory.release.xcconfig"; path = "Target Support Files/Pods-FunMemory/Pods-FunMemory.release.xcconfig"; sourceTree = "<group>"; };
		E77AB05BAC27B986165516FE /* Pods-FunMemoryTests.debug.xcconfig */ = {isa = PBXFileReference; includeInIndex = 1; lastKnownFileType = text.xcconfig; name = "Pods-FunMemoryTests.debug.xcconfig"; path = "Target Support Files/Pods-FunMemoryTests/Pods-FunMemoryTests.debug.xcconfig"; sourceTree = "<group>"; };
		F704ACFC4ED7A60DA0036148 /* Pods-FunMemoryUITests.release.xcconfig */ = {isa = PBXFileReference; includeInIndex = 1; lastKnownFileType = text.xcconfig; name = "Pods-FunMemoryUITests.release.xcconfig"; path = "Target Support Files/Pods-FunMemoryUITests/Pods-FunMemoryUITests.release.xcconfig"; sourceTree = "<group>"; };
/* End PBXFileReference section */

/* Begin PBXFrameworksBuildPhase section */
		7409E7F422FB21B700FC1448 /* Frameworks */ = {
			isa = PBXFrameworksBuildPhase;
			buildActionMask = 2147483647;
			files = (
				01E63B1C1F60DA27E618723B /* Pods_FunMemory.framework in Frameworks */,
			);
			runOnlyForDeploymentPostprocessing = 0;
		};
		7409E80822FB21B800FC1448 /* Frameworks */ = {
			isa = PBXFrameworksBuildPhase;
			buildActionMask = 2147483647;
			files = (
				92614983CC233A4314745366 /* Pods_FunMemoryTests.framework in Frameworks */,
			);
			runOnlyForDeploymentPostprocessing = 0;
		};
		7409E81322FB21B800FC1448 /* Frameworks */ = {
			isa = PBXFrameworksBuildPhase;
			buildActionMask = 2147483647;
			files = (
				4E58A2C20D1F17F49DC06439 /* Pods_FunMemoryUITests.framework in Frameworks */,
			);
			runOnlyForDeploymentPostprocessing = 0;
		};
/* End PBXFrameworksBuildPhase section */

/* Begin PBXGroup section */
		5913B26337B6E886C7043CFE /* Pods */ = {
			isa = PBXGroup;
			children = (
				84EC1BFAC9894038186D8AF3 /* Pods-FunMemory.debug.xcconfig */,
				CB11091F2BB5843B9D9B2661 /* Pods-FunMemory.release.xcconfig */,
				E77AB05BAC27B986165516FE /* Pods-FunMemoryTests.debug.xcconfig */,
				653E285CF6D89471A10F468B /* Pods-FunMemoryTests.release.xcconfig */,
				C39B462A105516043B101204 /* Pods-FunMemoryUITests.debug.xcconfig */,
				F704ACFC4ED7A60DA0036148 /* Pods-FunMemoryUITests.release.xcconfig */,
			);
			path = Pods;
			sourceTree = "<group>";
		};
		7409E7EE22FB21B700FC1448 = {
			isa = PBXGroup;
			children = (
				7409E7F922FB21B700FC1448 /* FunMemory */,
				7409E80E22FB21B800FC1448 /* FunMemoryTests */,
				7409E81922FB21B800FC1448 /* FunMemoryUITests */,
				7409E7F822FB21B700FC1448 /* Products */,
				5913B26337B6E886C7043CFE /* Pods */,
				793111BE03EB35E68ECA2489 /* Frameworks */,
			);
			sourceTree = "<group>";
		};
		7409E7F822FB21B700FC1448 /* Products */ = {
			isa = PBXGroup;
			children = (
				7409E7F722FB21B700FC1448 /* FunMemory.app */,
				7409E80B22FB21B800FC1448 /* FunMemoryTests.xctest */,
				7409E81622FB21B800FC1448 /* FunMemoryUITests.xctest */,
			);
			name = Products;
			sourceTree = "<group>";
		};
		7409E7F922FB21B700FC1448 /* FunMemory */ = {
			isa = PBXGroup;
			children = (
				7409E7FA22FB21B700FC1448 /* AppDelegate.swift */,
				7409E80322FB21B800FC1448 /* LaunchScreen.storyboard */,
				7409E7FE22FB21B700FC1448 /* Main.storyboard */,
				743F32C7231562BA006C7E0E /* Model */,
				743F32CA231562BA006C7E0E /* View */,
				743F32CF231562BA006C7E0E /* ViewController */,
				7409E80122FB21B800FC1448 /* Assets.xcassets */,
				7409E80622FB21B800FC1448 /* Info.plist */,
				743F32BF230AD2B9006C7E0E /* GoogleService-Info.plist */,
			);
			path = FunMemory;
			sourceTree = "<group>";
		};
		7409E80E22FB21B800FC1448 /* FunMemoryTests */ = {
			isa = PBXGroup;
			children = (
				7409E80F22FB21B800FC1448 /* FunMemoryTests.swift */,
				7409E81122FB21B800FC1448 /* Info.plist */,
			);
			path = FunMemoryTests;
			sourceTree = "<group>";
		};
		7409E81922FB21B800FC1448 /* FunMemoryUITests */ = {
			isa = PBXGroup;
			children = (
				7409E81A22FB21B800FC1448 /* FunMemoryUITests.swift */,
				7409E81C22FB21B800FC1448 /* Info.plist */,
			);
			path = FunMemoryUITests;
			sourceTree = "<group>";
		};
		743F32C7231562BA006C7E0E /* Model */ = {
			isa = PBXGroup;
			children = (
				743F32C8231562BA006C7E0E /* CardData.swift */,
				743F32C9231562BA006C7E0E /* UserData.swift */,
			);
			path = Model;
			sourceTree = "<group>";
		};
		743F32CA231562BA006C7E0E /* View */ = {
			isa = PBXGroup;
			children = (
				743F32CB231562BA006C7E0E /* UserCardView.swift */,
				743F32CC231562BA006C7E0E /* UserCardView.xib */,
				743F32CD231562BA006C7E0E /* TableViewCell.swift */,
				743F32CE231562BA006C7E0E /* TableViewCell.xib */,
			);
			path = View;
			sourceTree = "<group>";
		};
		743F32CF231562BA006C7E0E /* ViewController */ = {
			isa = PBXGroup;
			children = (
				743F32D0231562BA006C7E0E /* SettingViewController.swift */,
				743F32D1231562BA006C7E0E /* TopViewController.swift */,
				743F32D2231562BA006C7E0E /* RoomListViewController.swift */,
				743F32D3231562BA006C7E0E /* PlayGameViewController.swift */,
			);
			path = ViewController;
			sourceTree = "<group>";
		};
		793111BE03EB35E68ECA2489 /* Frameworks */ = {
			isa = PBXGroup;
			children = (
				05EAFC8FFB8EB9FE03163D67 /* Pods_FunMemory.framework */,
				2A7A2A978CEBC70198C97365 /* Pods_FunMemoryTests.framework */,
				C944712B78FE84DC421E7140 /* Pods_FunMemoryUITests.framework */,
			);
			name = Frameworks;
			sourceTree = "<group>";
		};
/* End PBXGroup section */

/* Begin PBXNativeTarget section */
		7409E7F622FB21B700FC1448 /* FunMemory */ = {
			isa = PBXNativeTarget;
			buildConfigurationList = 7409E81F22FB21B800FC1448 /* Build configuration list for PBXNativeTarget "FunMemory" */;
			buildPhases = (
				F31EF7F3CF2AD57AD3CE7C69 /* [CP] Check Pods Manifest.lock */,
				7409E7F322FB21B700FC1448 /* Sources */,
				7409E7F422FB21B700FC1448 /* Frameworks */,
				7409E7F522FB21B700FC1448 /* Resources */,
				7409E82D22FB235900FC1448 /* SwiftLint */,
				8CAD46EBE3C2CA858D5E4FBC /* [CP] Embed Pods Frameworks */,
			);
			buildRules = (
			);
			dependencies = (
			);
			name = FunMemory;
			productName = FunMemory;
			productReference = 7409E7F722FB21B700FC1448 /* FunMemory.app */;
			productType = "com.apple.product-type.application";
		};
		7409E80A22FB21B800FC1448 /* FunMemoryTests */ = {
			isa = PBXNativeTarget;
			buildConfigurationList = 7409E82222FB21B800FC1448 /* Build configuration list for PBXNativeTarget "FunMemoryTests" */;
			buildPhases = (
				17588E4F793EC992EFF74965 /* [CP] Check Pods Manifest.lock */,
				7409E80722FB21B800FC1448 /* Sources */,
				7409E80822FB21B800FC1448 /* Frameworks */,
				7409E80922FB21B800FC1448 /* Resources */,
			);
			buildRules = (
			);
			dependencies = (
				7409E80D22FB21B800FC1448 /* PBXTargetDependency */,
			);
			name = FunMemoryTests;
			productName = FunMemoryTests;
			productReference = 7409E80B22FB21B800FC1448 /* FunMemoryTests.xctest */;
			productType = "com.apple.product-type.bundle.unit-test";
		};
		7409E81522FB21B800FC1448 /* FunMemoryUITests */ = {
			isa = PBXNativeTarget;
			buildConfigurationList = 7409E82522FB21B800FC1448 /* Build configuration list for PBXNativeTarget "FunMemoryUITests" */;
			buildPhases = (
				C977B28F0F8CCBEF45B4BBAD /* [CP] Check Pods Manifest.lock */,
				7409E81222FB21B800FC1448 /* Sources */,
				7409E81322FB21B800FC1448 /* Frameworks */,
				7409E81422FB21B800FC1448 /* Resources */,
			);
			buildRules = (
			);
			dependencies = (
				7409E81822FB21B800FC1448 /* PBXTargetDependency */,
			);
			name = FunMemoryUITests;
			productName = FunMemoryUITests;
			productReference = 7409E81622FB21B800FC1448 /* FunMemoryUITests.xctest */;
			productType = "com.apple.product-type.bundle.ui-testing";
		};
/* End PBXNativeTarget section */

/* Begin PBXProject section */
		7409E7EF22FB21B700FC1448 /* Project object */ = {
			isa = PBXProject;
			attributes = {
				LastSwiftUpdateCheck = 1030;
				LastUpgradeCheck = 1030;
				ORGANIZATIONNAME = shibata;
				TargetAttributes = {
					7409E7F622FB21B700FC1448 = {
						CreatedOnToolsVersion = 10.3;
					};
					7409E80A22FB21B800FC1448 = {
						CreatedOnToolsVersion = 10.3;
						TestTargetID = 7409E7F622FB21B700FC1448;
					};
					7409E81522FB21B800FC1448 = {
						CreatedOnToolsVersion = 10.3;
						TestTargetID = 7409E7F622FB21B700FC1448;
					};
				};
			};
			buildConfigurationList = 7409E7F222FB21B700FC1448 /* Build configuration list for PBXProject "FunMemory" */;
			compatibilityVersion = "Xcode 9.3";
			developmentRegion = en;
			hasScannedForEncodings = 0;
			knownRegions = (
				en,
				Base,
			);
			mainGroup = 7409E7EE22FB21B700FC1448;
			productRefGroup = 7409E7F822FB21B700FC1448 /* Products */;
			projectDirPath = "";
			projectRoot = "";
			targets = (
				7409E7F622FB21B700FC1448 /* FunMemory */,
				7409E80A22FB21B800FC1448 /* FunMemoryTests */,
				7409E81522FB21B800FC1448 /* FunMemoryUITests */,
			);
		};
/* End PBXProject section */

/* Begin PBXResourcesBuildPhase section */
		7409E7F522FB21B700FC1448 /* Resources */ = {
			isa = PBXResourcesBuildPhase;
			buildActionMask = 2147483647;
			files = (
				7409E80522FB21B800FC1448 /* LaunchScreen.storyboard in Resources */,
				743F32D9231562BA006C7E0E /* TableViewCell.xib in Resources */,
				743F32D7231562BA006C7E0E /* UserCardView.xib in Resources */,
				743F32C0230AD2B9006C7E0E /* GoogleService-Info.plist in Resources */,
				7409E80222FB21B800FC1448 /* Assets.xcassets in Resources */,
				7409E80022FB21B700FC1448 /* Main.storyboard in Resources */,
			);
			runOnlyForDeploymentPostprocessing = 0;
		};
		7409E80922FB21B800FC1448 /* Resources */ = {
			isa = PBXResourcesBuildPhase;
			buildActionMask = 2147483647;
			files = (
			);
			runOnlyForDeploymentPostprocessing = 0;
		};
		7409E81422FB21B800FC1448 /* Resources */ = {
			isa = PBXResourcesBuildPhase;
			buildActionMask = 2147483647;
			files = (
			);
			runOnlyForDeploymentPostprocessing = 0;
		};
/* End PBXResourcesBuildPhase section */

/* Begin PBXShellScriptBuildPhase section */
		17588E4F793EC992EFF74965 /* [CP] Check Pods Manifest.lock */ = {
			isa = PBXShellScriptBuildPhase;
			buildActionMask = 2147483647;
			files = (
			);
			inputFileListPaths = (
			);
			inputPaths = (
				"${PODS_PODFILE_DIR_PATH}/Podfile.lock",
				"${PODS_ROOT}/Manifest.lock",
			);
			name = "[CP] Check Pods Manifest.lock";
			outputFileListPaths = (
			);
			outputPaths = (
				"$(DERIVED_FILE_DIR)/Pods-FunMemoryTests-checkManifestLockResult.txt",
			);
			runOnlyForDeploymentPostprocessing = 0;
			shellPath = /bin/sh;
			shellScript = "diff \"${PODS_PODFILE_DIR_PATH}/Podfile.lock\" \"${PODS_ROOT}/Manifest.lock\" > /dev/null\nif [ $? != 0 ] ; then\n    # print error to STDERR\n    echo \"error: The sandbox is not in sync with the Podfile.lock. Run 'pod install' or update your CocoaPods installation.\" >&2\n    exit 1\nfi\n# This output is used by Xcode 'outputs' to avoid re-running this script phase.\necho \"SUCCESS\" > \"${SCRIPT_OUTPUT_FILE_0}\"\n";
			showEnvVarsInLog = 0;
		};
		7409E82D22FB235900FC1448 /* SwiftLint */ = {
			isa = PBXShellScriptBuildPhase;
			buildActionMask = 2147483647;
			files = (
			);
			inputFileListPaths = (
			);
			inputPaths = (
			);
			name = SwiftLint;
			outputFileListPaths = (
			);
			outputPaths = (
			);
			runOnlyForDeploymentPostprocessing = 0;
			shellPath = /bin/sh;
			shellScript = "if which \"${PODS_ROOT}/SwiftLint/swiftlint\" >/dev/null; then\n${PODS_ROOT}/SwiftLint/swiftlint\nelse\necho \"warning: SwiftLint not installed, download from https://github.com/realm/SwiftLint\"\nfi\n";
		};
		8CAD46EBE3C2CA858D5E4FBC /* [CP] Embed Pods Frameworks */ = {
			isa = PBXShellScriptBuildPhase;
			buildActionMask = 2147483647;
			files = (
			);
			inputFileListPaths = (
				"${PODS_ROOT}/Target Support Files/Pods-FunMemory/Pods-FunMemory-frameworks-${CONFIGURATION}-input-files.xcfilelist",
			);
			name = "[CP] Embed Pods Frameworks";
			outputFileListPaths = (
				"${PODS_ROOT}/Target Support Files/Pods-FunMemory/Pods-FunMemory-frameworks-${CONFIGURATION}-output-files.xcfilelist",
			);
			runOnlyForDeploymentPostprocessing = 0;
			shellPath = /bin/sh;
			shellScript = "\"${PODS_ROOT}/Target Support Files/Pods-FunMemory/Pods-FunMemory-frameworks.sh\"\n";
			showEnvVarsInLog = 0;
		};
		C977B28F0F8CCBEF45B4BBAD /* [CP] Check Pods Manifest.lock */ = {
			isa = PBXShellScriptBuildPhase;
			buildActionMask = 2147483647;
			files = (
			);
			inputFileListPaths = (
			);
			inputPaths = (
				"${PODS_PODFILE_DIR_PATH}/Podfile.lock",
				"${PODS_ROOT}/Manifest.lock",
			);
			name = "[CP] Check Pods Manifest.lock";
			outputFileListPaths = (
			);
			outputPaths = (
				"$(DERIVED_FILE_DIR)/Pods-FunMemoryUITests-checkManifestLockResult.txt",
			);
			runOnlyForDeploymentPostprocessing = 0;
			shellPath = /bin/sh;
			shellScript = "diff \"${PODS_PODFILE_DIR_PATH}/Podfile.lock\" \"${PODS_ROOT}/Manifest.lock\" > /dev/null\nif [ $? != 0 ] ; then\n    # print error to STDERR\n    echo \"error: The sandbox is not in sync with the Podfile.lock. Run 'pod install' or update your CocoaPods installation.\" >&2\n    exit 1\nfi\n# This output is used by Xcode 'outputs' to avoid re-running this script phase.\necho \"SUCCESS\" > \"${SCRIPT_OUTPUT_FILE_0}\"\n";
			showEnvVarsInLog = 0;
		};
		F31EF7F3CF2AD57AD3CE7C69 /* [CP] Check Pods Manifest.lock */ = {
			isa = PBXShellScriptBuildPhase;
			buildActionMask = 2147483647;
			files = (
			);
			inputFileListPaths = (
			);
			inputPaths = (
				"${PODS_PODFILE_DIR_PATH}/Podfile.lock",
				"${PODS_ROOT}/Manifest.lock",
			);
			name = "[CP] Check Pods Manifest.lock";
			outputFileListPaths = (
			);
			outputPaths = (
				"$(DERIVED_FILE_DIR)/Pods-FunMemory-checkManifestLockResult.txt",
			);
			runOnlyForDeploymentPostprocessing = 0;
			shellPath = /bin/sh;
			shellScript = "diff \"${PODS_PODFILE_DIR_PATH}/Podfile.lock\" \"${PODS_ROOT}/Manifest.lock\" > /dev/null\nif [ $? != 0 ] ; then\n    # print error to STDERR\n    echo \"error: The sandbox is not in sync with the Podfile.lock. Run 'pod install' or update your CocoaPods installation.\" >&2\n    exit 1\nfi\n# This output is used by Xcode 'outputs' to avoid re-running this script phase.\necho \"SUCCESS\" > \"${SCRIPT_OUTPUT_FILE_0}\"\n";
			showEnvVarsInLog = 0;
		};
/* End PBXShellScriptBuildPhase section */

/* Begin PBXSourcesBuildPhase section */
		7409E7F322FB21B700FC1448 /* Sources */ = {
			isa = PBXSourcesBuildPhase;
			buildActionMask = 2147483647;
			files = (
				743F32D8231562BA006C7E0E /* TableViewCell.swift in Sources */,
				743F32D5231562BA006C7E0E /* UserData.swift in Sources */,
				743F32DD231562BA006C7E0E /* PlayGameViewController.swift in Sources */,
				743F32D6231562BA006C7E0E /* UserCardView.swift in Sources */,
				7409E7FB22FB21B700FC1448 /* AppDelegate.swift in Sources */,
				743F32D4231562BA006C7E0E /* CardData.swift in Sources */,
				743F32DA231562BA006C7E0E /* SettingViewController.swift in Sources */,
				743F32DB231562BA006C7E0E /* TopViewController.swift in Sources */,
				743F32DC231562BA006C7E0E /* RoomListViewController.swift in Sources */,
			);
			runOnlyForDeploymentPostprocessing = 0;
		};
		7409E80722FB21B800FC1448 /* Sources */ = {
			isa = PBXSourcesBuildPhase;
			buildActionMask = 2147483647;
			files = (
				7409E81022FB21B800FC1448 /* FunMemoryTests.swift in Sources */,
			);
			runOnlyForDeploymentPostprocessing = 0;
		};
		7409E81222FB21B800FC1448 /* Sources */ = {
			isa = PBXSourcesBuildPhase;
			buildActionMask = 2147483647;
			files = (
				7409E81B22FB21B800FC1448 /* FunMemoryUITests.swift in Sources */,
			);
			runOnlyForDeploymentPostprocessing = 0;
		};
/* End PBXSourcesBuildPhase section */

/* Begin PBXTargetDependency section */
		7409E80D22FB21B800FC1448 /* PBXTargetDependency */ = {
			isa = PBXTargetDependency;
			target = 7409E7F622FB21B700FC1448 /* FunMemory */;
			targetProxy = 7409E80C22FB21B800FC1448 /* PBXContainerItemProxy */;
		};
		7409E81822FB21B800FC1448 /* PBXTargetDependency */ = {
			isa = PBXTargetDependency;
			target = 7409E7F622FB21B700FC1448 /* FunMemory */;
			targetProxy = 7409E81722FB21B800FC1448 /* PBXContainerItemProxy */;
		};
/* End PBXTargetDependency section */

/* Begin PBXVariantGroup section */
		7409E7FE22FB21B700FC1448 /* Main.storyboard */ = {
			isa = PBXVariantGroup;
			children = (
				7409E7FF22FB21B700FC1448 /* Base */,
			);
			name = Main.storyboard;
			sourceTree = "<group>";
		};
		7409E80322FB21B800FC1448 /* LaunchScreen.storyboard */ = {
			isa = PBXVariantGroup;
			children = (
				7409E80422FB21B800FC1448 /* Base */,
			);
			name = LaunchScreen.storyboard;
			sourceTree = "<group>";
		};
/* End PBXVariantGroup section */

/* Begin XCBuildConfiguration section */
		7409E81D22FB21B800FC1448 /* Debug */ = {
			isa = XCBuildConfiguration;
			buildSettings = {
				ALWAYS_SEARCH_USER_PATHS = NO;
				CLANG_ANALYZER_NONNULL = YES;
				CLANG_ANALYZER_NUMBER_OBJECT_CONVERSION = YES_AGGRESSIVE;
				CLANG_CXX_LANGUAGE_STANDARD = "gnu++14";
				CLANG_CXX_LIBRARY = "libc++";
				CLANG_ENABLE_MODULES = YES;
				CLANG_ENABLE_OBJC_ARC = YES;
				CLANG_ENABLE_OBJC_WEAK = YES;
				CLANG_WARN_BLOCK_CAPTURE_AUTORELEASING = YES;
				CLANG_WARN_BOOL_CONVERSION = YES;
				CLANG_WARN_COMMA = YES;
				CLANG_WARN_CONSTANT_CONVERSION = YES;
				CLANG_WARN_DEPRECATED_OBJC_IMPLEMENTATIONS = YES;
				CLANG_WARN_DIRECT_OBJC_ISA_USAGE = YES_ERROR;
				CLANG_WARN_DOCUMENTATION_COMMENTS = YES;
				CLANG_WARN_EMPTY_BODY = YES;
				CLANG_WARN_ENUM_CONVERSION = YES;
				CLANG_WARN_INFINITE_RECURSION = YES;
				CLANG_WARN_INT_CONVERSION = YES;
				CLANG_WARN_NON_LITERAL_NULL_CONVERSION = YES;
				CLANG_WARN_OBJC_IMPLICIT_RETAIN_SELF = YES;
				CLANG_WARN_OBJC_LITERAL_CONVERSION = YES;
				CLANG_WARN_OBJC_ROOT_CLASS = YES_ERROR;
				CLANG_WARN_RANGE_LOOP_ANALYSIS = YES;
				CLANG_WARN_STRICT_PROTOTYPES = YES;
				CLANG_WARN_SUSPICIOUS_MOVE = YES;
				CLANG_WARN_UNGUARDED_AVAILABILITY = YES_AGGRESSIVE;
				CLANG_WARN_UNREACHABLE_CODE = YES;
				CLANG_WARN__DUPLICATE_METHOD_MATCH = YES;
				CODE_SIGN_IDENTITY = "iPhone Developer";
				COPY_PHASE_STRIP = NO;
				DEBUG_INFORMATION_FORMAT = dwarf;
				ENABLE_STRICT_OBJC_MSGSEND = YES;
				ENABLE_TESTABILITY = YES;
				GCC_C_LANGUAGE_STANDARD = gnu11;
				GCC_DYNAMIC_NO_PIC = NO;
				GCC_NO_COMMON_BLOCKS = YES;
				GCC_OPTIMIZATION_LEVEL = 0;
				GCC_PREPROCESSOR_DEFINITIONS = (
					"DEBUG=1",
					"$(inherited)",
				);
				GCC_WARN_64_TO_32_BIT_CONVERSION = YES;
				GCC_WARN_ABOUT_RETURN_TYPE = YES_ERROR;
				GCC_WARN_UNDECLARED_SELECTOR = YES;
				GCC_WARN_UNINITIALIZED_AUTOS = YES_AGGRESSIVE;
				GCC_WARN_UNUSED_FUNCTION = YES;
				GCC_WARN_UNUSED_VARIABLE = YES;
				IPHONEOS_DEPLOYMENT_TARGET = 12.4;
				MTL_ENABLE_DEBUG_INFO = INCLUDE_SOURCE;
				MTL_FAST_MATH = YES;
				ONLY_ACTIVE_ARCH = YES;
				SDKROOT = iphoneos;
				SWIFT_ACTIVE_COMPILATION_CONDITIONS = DEBUG;
				SWIFT_OPTIMIZATION_LEVEL = "-Onone";
			};
			name = Debug;
		};
		7409E81E22FB21B800FC1448 /* Release */ = {
			isa = XCBuildConfiguration;
			buildSettings = {
				ALWAYS_SEARCH_USER_PATHS = NO;
				CLANG_ANALYZER_NONNULL = YES;
				CLANG_ANALYZER_NUMBER_OBJECT_CONVERSION = YES_AGGRESSIVE;
				CLANG_CXX_LANGUAGE_STANDARD = "gnu++14";
				CLANG_CXX_LIBRARY = "libc++";
				CLANG_ENABLE_MODULES = YES;
				CLANG_ENABLE_OBJC_ARC = YES;
				CLANG_ENABLE_OBJC_WEAK = YES;
				CLANG_WARN_BLOCK_CAPTURE_AUTORELEASING = YES;
				CLANG_WARN_BOOL_CONVERSION = YES;
				CLANG_WARN_COMMA = YES;
				CLANG_WARN_CONSTANT_CONVERSION = YES;
				CLANG_WARN_DEPRECATED_OBJC_IMPLEMENTATIONS = YES;
				CLANG_WARN_DIRECT_OBJC_ISA_USAGE = YES_ERROR;
				CLANG_WARN_DOCUMENTATION_COMMENTS = YES;
				CLANG_WARN_EMPTY_BODY = YES;
				CLANG_WARN_ENUM_CONVERSION = YES;
				CLANG_WARN_INFINITE_RECURSION = YES;
				CLANG_WARN_INT_CONVERSION = YES;
				CLANG_WARN_NON_LITERAL_NULL_CONVERSION = YES;
				CLANG_WARN_OBJC_IMPLICIT_RETAIN_SELF = YES;
				CLANG_WARN_OBJC_LITERAL_CONVERSION = YES;
				CLANG_WARN_OBJC_ROOT_CLASS = YES_ERROR;
				CLANG_WARN_RANGE_LOOP_ANALYSIS = YES;
				CLANG_WARN_STRICT_PROTOTYPES = YES;
				CLANG_WARN_SUSPICIOUS_MOVE = YES;
				CLANG_WARN_UNGUARDED_AVAILABILITY = YES_AGGRESSIVE;
				CLANG_WARN_UNREACHABLE_CODE = YES;
				CLANG_WARN__DUPLICATE_METHOD_MATCH = YES;
				CODE_SIGN_IDENTITY = "iPhone Developer";
				COPY_PHASE_STRIP = NO;
				DEBUG_INFORMATION_FORMAT = "dwarf-with-dsym";
				ENABLE_NS_ASSERTIONS = NO;
				ENABLE_STRICT_OBJC_MSGSEND = YES;
				GCC_C_LANGUAGE_STANDARD = gnu11;
				GCC_NO_COMMON_BLOCKS = YES;
				GCC_WARN_64_TO_32_BIT_CONVERSION = YES;
				GCC_WARN_ABOUT_RETURN_TYPE = YES_ERROR;
				GCC_WARN_UNDECLARED_SELECTOR = YES;
				GCC_WARN_UNINITIALIZED_AUTOS = YES_AGGRESSIVE;
				GCC_WARN_UNUSED_FUNCTION = YES;
				GCC_WARN_UNUSED_VARIABLE = YES;
				IPHONEOS_DEPLOYMENT_TARGET = 12.4;
				MTL_ENABLE_DEBUG_INFO = NO;
				MTL_FAST_MATH = YES;
				SDKROOT = iphoneos;
				SWIFT_COMPILATION_MODE = wholemodule;
				SWIFT_OPTIMIZATION_LEVEL = "-O";
				VALIDATE_PRODUCT = YES;
			};
			name = Release;
		};
		7409E82022FB21B800FC1448 /* Debug */ = {
			isa = XCBuildConfiguration;
			baseConfigurationReference = 84EC1BFAC9894038186D8AF3 /* Pods-FunMemory.debug.xcconfig */;
			buildSettings = {
				ASSETCATALOG_COMPILER_APPICON_NAME = AppIcon;
				CODE_SIGN_STYLE = Automatic;
				DEVELOPMENT_TEAM = GX3H7872T6;
				INFOPLIST_FILE = FunMemory/Info.plist;
				IPHONEOS_DEPLOYMENT_TARGET = 12.0;
				LD_RUNPATH_SEARCH_PATHS = (
					"$(inherited)",
					"@executable_path/Frameworks",
				);
				PRODUCT_BUNDLE_IDENTIFIER = com.sample.FunMemory;
				PRODUCT_NAME = "$(TARGET_NAME)";
				SWIFT_VERSION = 5.0;
				TARGETED_DEVICE_FAMILY = "1,2";
			};
			name = Debug;
		};
		7409E82122FB21B800FC1448 /* Release */ = {
			isa = XCBuildConfiguration;
			baseConfigurationReference = CB11091F2BB5843B9D9B2661 /* Pods-FunMemory.release.xcconfig */;
			buildSettings = {
				ASSETCATALOG_COMPILER_APPICON_NAME = AppIcon;
				CODE_SIGN_STYLE = Automatic;
				DEVELOPMENT_TEAM = GX3H7872T6;
				INFOPLIST_FILE = FunMemory/Info.plist;
				IPHONEOS_DEPLOYMENT_TARGET = 12.0;
				LD_RUNPATH_SEARCH_PATHS = (
					"$(inherited)",
					"@executable_path/Frameworks",
				);
				PRODUCT_BUNDLE_IDENTIFIER = com.sample.FunMemory;
				PRODUCT_NAME = "$(TARGET_NAME)";
				SWIFT_VERSION = 5.0;
				TARGETED_DEVICE_FAMILY = "1,2";
			};
			name = Release;
		};
		7409E82322FB21B800FC1448 /* Debug */ = {
			isa = XCBuildConfiguration;
			baseConfigurationReference = E77AB05BAC27B986165516FE /* Pods-FunMemoryTests.debug.xcconfig */;
			buildSettings = {
				ALWAYS_EMBED_SWIFT_STANDARD_LIBRARIES = YES;
				BUNDLE_LOADER = "$(TEST_HOST)";
				CODE_SIGN_STYLE = Automatic;
				DEVELOPMENT_TEAM = GX3H7872T6;
				INFOPLIST_FILE = FunMemoryTests/Info.plist;
				LD_RUNPATH_SEARCH_PATHS = (
					"$(inherited)",
					"@executable_path/Frameworks",
					"@loader_path/Frameworks",
				);
				PRODUCT_BUNDLE_IDENTIFIER = com.sample.FunMemoryTests;
				PRODUCT_NAME = "$(TARGET_NAME)";
				SWIFT_VERSION = 5.0;
				TARGETED_DEVICE_FAMILY = "1,2";
				TEST_HOST = "$(BUILT_PRODUCTS_DIR)/FunMemory.app/FunMemory";
			};
			name = Debug;
		};
		7409E82422FB21B800FC1448 /* Release */ = {
			isa = XCBuildConfiguration;
			baseConfigurationReference = 653E285CF6D89471A10F468B /* Pods-FunMemoryTests.release.xcconfig */;
			buildSettings = {
				ALWAYS_EMBED_SWIFT_STANDARD_LIBRARIES = YES;
				BUNDLE_LOADER = "$(TEST_HOST)";
				CODE_SIGN_STYLE = Automatic;
				DEVELOPMENT_TEAM = GX3H7872T6;
				INFOPLIST_FILE = FunMemoryTests/Info.plist;
				LD_RUNPATH_SEARCH_PATHS = (
					"$(inherited)",
					"@executable_path/Frameworks",
					"@loader_path/Frameworks",
				);
				PRODUCT_BUNDLE_IDENTIFIER = com.sample.FunMemoryTests;
				PRODUCT_NAME = "$(TARGET_NAME)";
				SWIFT_VERSION = 5.0;
				TARGETED_DEVICE_FAMILY = "1,2";
				TEST_HOST = "$(BUILT_PRODUCTS_DIR)/FunMemory.app/FunMemory";
			};
			name = Release;
		};
		7409E82622FB21B800FC1448 /* Debug */ = {
			isa = XCBuildConfiguration;
			baseConfigurationReference = C39B462A105516043B101204 /* Pods-FunMemoryUITests.debug.xcconfig */;
			buildSettings = {
				ALWAYS_EMBED_SWIFT_STANDARD_LIBRARIES = YES;
				CODE_SIGN_STYLE = Automatic;
				DEVELOPMENT_TEAM = GX3H7872T6;
				INFOPLIST_FILE = FunMemoryUITests/Info.plist;
				LD_RUNPATH_SEARCH_PATHS = (
					"$(inherited)",
					"@executable_path/Frameworks",
					"@loader_path/Frameworks",
				);
				PRODUCT_BUNDLE_IDENTIFIER = com.sample.FunMemoryUITests;
				PRODUCT_NAME = "$(TARGET_NAME)";
				SWIFT_VERSION = 5.0;
				TARGETED_DEVICE_FAMILY = "1,2";
				TEST_TARGET_NAME = FunMemory;
			};
			name = Debug;
		};
		7409E82722FB21B800FC1448 /* Release */ = {
			isa = XCBuildConfiguration;
			baseConfigurationReference = F704ACFC4ED7A60DA0036148 /* Pods-FunMemoryUITests.release.xcconfig */;
			buildSettings = {
				ALWAYS_EMBED_SWIFT_STANDARD_LIBRARIES = YES;
				CODE_SIGN_STYLE = Automatic;
				DEVELOPMENT_TEAM = GX3H7872T6;
				INFOPLIST_FILE = FunMemoryUITests/Info.plist;
				LD_RUNPATH_SEARCH_PATHS = (
					"$(inherited)",
					"@executable_path/Frameworks",
					"@loader_path/Frameworks",
				);
				PRODUCT_BUNDLE_IDENTIFIER = com.sample.FunMemoryUITests;
				PRODUCT_NAME = "$(TARGET_NAME)";
				SWIFT_VERSION = 5.0;
				TARGETED_DEVICE_FAMILY = "1,2";
				TEST_TARGET_NAME = FunMemory;
			};
			name = Release;
		};
/* End XCBuildConfiguration section */

/* Begin XCConfigurationList section */
		7409E7F222FB21B700FC1448 /* Build configuration list for PBXProject "FunMemory" */ = {
			isa = XCConfigurationList;
			buildConfigurations = (
				7409E81D22FB21B800FC1448 /* Debug */,
				7409E81E22FB21B800FC1448 /* Release */,
			);
			defaultConfigurationIsVisible = 0;
			defaultConfigurationName = Release;
		};
		7409E81F22FB21B800FC1448 /* Build configuration list for PBXNativeTarget "FunMemory" */ = {
			isa = XCConfigurationList;
			buildConfigurations = (
				7409E82022FB21B800FC1448 /* Debug */,
				7409E82122FB21B800FC1448 /* Release */,
			);
			defaultConfigurationIsVisible = 0;
			defaultConfigurationName = Release;
		};
		7409E82222FB21B800FC1448 /* Build configuration list for PBXNativeTarget "FunMemoryTests" */ = {
			isa = XCConfigurationList;
			buildConfigurations = (
				7409E82322FB21B800FC1448 /* Debug */,
				7409E82422FB21B800FC1448 /* Release */,
			);
			defaultConfigurationIsVisible = 0;
			defaultConfigurationName = Release;
		};
		7409E82522FB21B800FC1448 /* Build configuration list for PBXNativeTarget "FunMemoryUITests" */ = {
			isa = XCConfigurationList;
			buildConfigurations = (
				7409E82622FB21B800FC1448 /* Debug */,
				7409E82722FB21B800FC1448 /* Release */,
			);
			defaultConfigurationIsVisible = 0;
			defaultConfigurationName = Release;
		};
/* End XCConfigurationList section */
	};
	rootObject = 7409E7EF22FB21B700FC1448 /* Project object */;
}
